// !$*UTF8*$!
{
	archiveVersion = 1;
	classes = {
	};
	objectVersion = 77;
	objects = {

/* Begin PBXContainerItemProxy section */
		3A2330892C9CA79F004B0AED /* PBXContainerItemProxy */ = {
			isa = PBXContainerItemProxy;
			containerPortal = 3A2330702C9CA786004B0AED /* Project object */;
			proxyType = 1;
			remoteGlobalIDString = 3A2330772C9CA786004B0AED;
			remoteInfo = FlickrPickr;
		};
		3A2330932C9CA79F004B0AED /* PBXContainerItemProxy */ = {
			isa = PBXContainerItemProxy;
			containerPortal = 3A2330702C9CA786004B0AED /* Project object */;
			proxyType = 1;
			remoteGlobalIDString = 3A2330772C9CA786004B0AED;
			remoteInfo = FlickrPickr;
		};
/* End PBXContainerItemProxy section */

/* Begin PBXFileReference section */
		3A2330782C9CA786004B0AED /* FlickrPickr.app */ = {isa = PBXFileReference; explicitFileType = wrapper.application; includeInIndex = 0; path = FlickrPickr.app; sourceTree = BUILT_PRODUCTS_DIR; };
		3A2330882C9CA79F004B0AED /* FlickrPickrTests.xctest */ = {isa = PBXFileReference; explicitFileType = wrapper.cfbundle; includeInIndex = 0; path = FlickrPickrTests.xctest; sourceTree = BUILT_PRODUCTS_DIR; };
		3A2330922C9CA79F004B0AED /* FlickrPickrUITests.xctest */ = {isa = PBXFileReference; explicitFileType = wrapper.cfbundle; includeInIndex = 0; path = FlickrPickrUITests.xctest; sourceTree = BUILT_PRODUCTS_DIR; };
/* End PBXFileReference section */

/* Begin PBXFileSystemSynchronizedBuildFileExceptionSet section */
		3A2330A82C9CAA42004B0AED /* Exceptions for "FlickrPickr" folder in "FlickrPickrTests" target */ = {
			isa = PBXFileSystemSynchronizedBuildFileExceptionSet;
			membershipExceptions = (
				Models/FlickrPicItem.swift,
				Services/NetworkingService.swift,
				"Utils/DateFormatter+FlickrPickr.swift",
				"View Models/FPListViewModel.swift",
				Views/FPDetailsView.swift,
			);
			target = 3A2330872C9CA79F004B0AED /* FlickrPickrTests */;
		};
/* End PBXFileSystemSynchronizedBuildFileExceptionSet section */

/* Begin PBXFileSystemSynchronizedRootGroup section */
		3A23307A2C9CA786004B0AED /* FlickrPickr */ = {
			isa = PBXFileSystemSynchronizedRootGroup;
			exceptions = (
				3A2330A82C9CAA42004B0AED /* Exceptions for "FlickrPickr" folder in "FlickrPickrTests" target */,
			);
			path = FlickrPickr;
			sourceTree = "<group>";
		};
		3A23308B2C9CA79F004B0AED /* FlickrPickrTests */ = {
			isa = PBXFileSystemSynchronizedRootGroup;
			path = FlickrPickrTests;
			sourceTree = "<group>";
		};
		3A2330952C9CA79F004B0AED /* FlickrPickrUITests */ = {
			isa = PBXFileSystemSynchronizedRootGroup;
			path = FlickrPickrUITests;
			sourceTree = "<group>";
		};
/* End PBXFileSystemSynchronizedRootGroup section */

/* Begin PBXFrameworksBuildPhase section */
		3A2330752C9CA786004B0AED /* Frameworks */ = {
			isa = PBXFrameworksBuildPhase;
			buildActionMask = 2147483647;
			files = (
			);
			runOnlyForDeploymentPostprocessing = 0;
		};
		3A2330852C9CA79F004B0AED /* Frameworks */ = {
			isa = PBXFrameworksBuildPhase;
			buildActionMask = 2147483647;
			files = (
			);
			runOnlyForDeploymentPostprocessing = 0;
		};
		3A23308F2C9CA79F004B0AED /* Frameworks */ = {
			isa = PBXFrameworksBuildPhase;
			buildActionMask = 2147483647;
			files = (
			);
			runOnlyForDeploymentPostprocessing = 0;
		};
/* End PBXFrameworksBuildPhase section */

/* Begin PBXGroup section */
		3A23306F2C9CA786004B0AED = {
			isa = PBXGroup;
			children = (
				3A23307A2C9CA786004B0AED /* FlickrPickr */,
				3A23308B2C9CA79F004B0AED /* FlickrPickrTests */,
				3A2330952C9CA79F004B0AED /* FlickrPickrUITests */,
				3A2330792C9CA786004B0AED /* Products */,
			);
			sourceTree = "<group>";
		};
		3A2330792C9CA786004B0AED /* Products */ = {
			isa = PBXGroup;
			children = (
				3A2330782C9CA786004B0AED /* FlickrPickr.app */,
				3A2330882C9CA79F004B0AED /* FlickrPickrTests.xctest */,
				3A2330922C9CA79F004B0AED /* FlickrPickrUITests.xctest */,
			);
			name = Products;
			sourceTree = "<group>";
		};
/* End PBXGroup section */

/* Begin PBXNativeTarget section */
		3A2330772C9CA786004B0AED /* FlickrPickr */ = {
			isa = PBXNativeTarget;
			buildConfigurationList = 3A23309C2C9CA79F004B0AED /* Build configuration list for PBXNativeTarget "FlickrPickr" */;
			buildPhases = (
				3A2330742C9CA786004B0AED /* Sources */,
				3A2330752C9CA786004B0AED /* Frameworks */,
				3A2330762C9CA786004B0AED /* Resources */,
			);
			buildRules = (
			);
			dependencies = (
			);
			fileSystemSynchronizedGroups = (
				3A23307A2C9CA786004B0AED /* FlickrPickr */,
			);
			name = FlickrPickr;
			packageProductDependencies = (
			);
			productName = FlickrPickr;
			productReference = 3A2330782C9CA786004B0AED /* FlickrPickr.app */;
			productType = "com.apple.product-type.application";
		};
		3A2330872C9CA79F004B0AED /* FlickrPickrTests */ = {
			isa = PBXNativeTarget;
			buildConfigurationList = 3A23309F2C9CA79F004B0AED /* Build configuration list for PBXNativeTarget "FlickrPickrTests" */;
			buildPhases = (
				3A2330842C9CA79F004B0AED /* Sources */,
				3A2330852C9CA79F004B0AED /* Frameworks */,
				3A2330862C9CA79F004B0AED /* Resources */,
			);
			buildRules = (
			);
			dependencies = (
				3A23308A2C9CA79F004B0AED /* PBXTargetDependency */,
			);
			fileSystemSynchronizedGroups = (
				3A23308B2C9CA79F004B0AED /* FlickrPickrTests */,
			);
			name = FlickrPickrTests;
			packageProductDependencies = (
			);
			productName = FlickrPickrTests;
			productReference = 3A2330882C9CA79F004B0AED /* FlickrPickrTests.xctest */;
			productType = "com.apple.product-type.bundle.unit-test";
		};
		3A2330912C9CA79F004B0AED /* FlickrPickrUITests */ = {
			isa = PBXNativeTarget;
			buildConfigurationList = 3A2330A22C9CA79F004B0AED /* Build configuration list for PBXNativeTarget "FlickrPickrUITests" */;
			buildPhases = (
				3A23308E2C9CA79F004B0AED /* Sources */,
				3A23308F2C9CA79F004B0AED /* Frameworks */,
				3A2330902C9CA79F004B0AED /* Resources */,
			);
			buildRules = (
			);
			dependencies = (
				3A2330942C9CA79F004B0AED /* PBXTargetDependency */,
			);
			fileSystemSynchronizedGroups = (
				3A2330952C9CA79F004B0AED /* FlickrPickrUITests */,
			);
			name = FlickrPickrUITests;
			packageProductDependencies = (
			);
			productName = FlickrPickrUITests;
			productReference = 3A2330922C9CA79F004B0AED /* FlickrPickrUITests.xctest */;
			productType = "com.apple.product-type.bundle.ui-testing";
		};
/* End PBXNativeTarget section */

/* Begin PBXProject section */
		3A2330702C9CA786004B0AED /* Project object */ = {
			isa = PBXProject;
			attributes = {
				BuildIndependentTargetsInParallel = 1;
				LastSwiftUpdateCheck = 1600;
				LastUpgradeCheck = 1600;
				TargetAttributes = {
					3A2330772C9CA786004B0AED = {
						CreatedOnToolsVersion = 16.0;
					};
					3A2330872C9CA79F004B0AED = {
						CreatedOnToolsVersion = 16.0;
						TestTargetID = 3A2330772C9CA786004B0AED;
					};
					3A2330912C9CA79F004B0AED = {
						CreatedOnToolsVersion = 16.0;
						TestTargetID = 3A2330772C9CA786004B0AED;
					};
				};
			};
			buildConfigurationList = 3A2330732C9CA786004B0AED /* Build configuration list for PBXProject "FlickrPickr" */;
			developmentRegion = en;
			hasScannedForEncodings = 0;
			knownRegions = (
				en,
				Base,
			);
			mainGroup = 3A23306F2C9CA786004B0AED;
			minimizedProjectReferenceProxies = 1;
			preferredProjectObjectVersion = 77;
			productRefGroup = 3A2330792C9CA786004B0AED /* Products */;
			projectDirPath = "";
			projectRoot = "";
			targets = (
				3A2330772C9CA786004B0AED /* FlickrPickr */,
				3A2330872C9CA79F004B0AED /* FlickrPickrTests */,
				3A2330912C9CA79F004B0AED /* FlickrPickrUITests */,
			);
		};
/* End PBXProject section */

/* Begin PBXResourcesBuildPhase section */
		3A2330762C9CA786004B0AED /* Resources */ = {
			isa = PBXResourcesBuildPhase;
			buildActionMask = 2147483647;
			files = (
			);
			runOnlyForDeploymentPostprocessing = 0;
		};
		3A2330862C9CA79F004B0AED /* Resources */ = {
			isa = PBXResourcesBuildPhase;
			buildActionMask = 2147483647;
			files = (
			);
			runOnlyForDeploymentPostprocessing = 0;
		};
		3A2330902C9CA79F004B0AED /* Resources */ = {
			isa = PBXResourcesBuildPhase;
			buildActionMask = 2147483647;
			files = (
			);
			runOnlyForDeploymentPostprocessing = 0;
		};
/* End PBXResourcesBuildPhase section */

/* Begin PBXSourcesBuildPhase section */
		3A2330742C9CA786004B0AED /* Sources */ = {
			isa = PBXSourcesBuildPhase;
			buildActionMask = 2147483647;
			files = (
			);
			runOnlyForDeploymentPostprocessing = 0;
		};
		3A2330842C9CA79F004B0AED /* Sources */ = {
			isa = PBXSourcesBuildPhase;
			buildActionMask = 2147483647;
			files = (
			);
			runOnlyForDeploymentPostprocessing = 0;
		};
		3A23308E2C9CA79F004B0AED /* Sources */ = {
			isa = PBXSourcesBuildPhase;
			buildActionMask = 2147483647;
			files = (
			);
			runOnlyForDeploymentPostprocessing = 0;
		};
/* End PBXSourcesBuildPhase section */

/* Begin PBXTargetDependency section */
		3A23308A2C9CA79F004B0AED /* PBXTargetDependency */ = {
			isa = PBXTargetDependency;
			target = 3A2330772C9CA786004B0AED /* FlickrPickr */;
			targetProxy = 3A2330892C9CA79F004B0AED /* PBXContainerItemProxy */;
		};
		3A2330942C9CA79F004B0AED /* PBXTargetDependency */ = {
			isa = PBXTargetDependency;
			target = 3A2330772C9CA786004B0AED /* FlickrPickr */;
			targetProxy = 3A2330932C9CA79F004B0AED /* PBXContainerItemProxy */;
		};
/* End PBXTargetDependency section */

/* Begin XCBuildConfiguration section */
		3A23309A2C9CA79F004B0AED /* Debug */ = {
			isa = XCBuildConfiguration;
			buildSettings = {
				ALWAYS_SEARCH_USER_PATHS = NO;
				ASSETCATALOG_COMPILER_GENERATE_SWIFT_ASSET_SYMBOL_EXTENSIONS = YES;
				CLANG_ANALYZER_NONNULL = YES;
				CLANG_ANALYZER_NUMBER_OBJECT_CONVERSION = YES_AGGRESSIVE;
				CLANG_CXX_LANGUAGE_STANDARD = "gnu++20";
				CLANG_ENABLE_MODULES = YES;
				CLANG_ENABLE_OBJC_ARC = YES;
				CLANG_ENABLE_OBJC_WEAK = YES;
				CLANG_WARN_BLOCK_CAPTURE_AUTORELEASING = YES;
				CLANG_WARN_BOOL_CONVERSION = YES;
				CLANG_WARN_COMMA = YES;
				CLANG_WARN_CONSTANT_CONVERSION = YES;
				CLANG_WARN_DEPRECATED_OBJC_IMPLEMENTATIONS = YES;
				CLANG_WARN_DIRECT_OBJC_ISA_USAGE = YES_ERROR;
				CLANG_WARN_DOCUMENTATION_COMMENTS = YES;
				CLANG_WARN_EMPTY_BODY = YES;
				CLANG_WARN_ENUM_CONVERSION = YES;
				CLANG_WARN_INFINITE_RECURSION = YES;
				CLANG_WARN_INT_CONVERSION = YES;
				CLANG_WARN_NON_LITERAL_NULL_CONVERSION = YES;
				CLANG_WARN_OBJC_IMPLICIT_RETAIN_SELF = YES;
				CLANG_WARN_OBJC_LITERAL_CONVERSION = YES;
				CLANG_WARN_OBJC_ROOT_CLASS = YES_ERROR;
				CLANG_WARN_QUOTED_INCLUDE_IN_FRAMEWORK_HEADER = YES;
				CLANG_WARN_RANGE_LOOP_ANALYSIS = YES;
				CLANG_WARN_STRICT_PROTOTYPES = YES;
				CLANG_WARN_SUSPICIOUS_MOVE = YES;
				CLANG_WARN_UNGUARDED_AVAILABILITY = YES_AGGRESSIVE;
				CLANG_WARN_UNREACHABLE_CODE = YES;
				CLANG_WARN__DUPLICATE_METHOD_MATCH = YES;
				COPY_PHASE_STRIP = NO;
				DEBUG_INFORMATION_FORMAT = dwarf;
				ENABLE_STRICT_OBJC_MSGSEND = YES;
				ENABLE_TESTABILITY = YES;
				ENABLE_USER_SCRIPT_SANDBOXING = YES;
				GCC_C_LANGUAGE_STANDARD = gnu17;
				GCC_DYNAMIC_NO_PIC = NO;
				GCC_NO_COMMON_BLOCKS = YES;
				GCC_OPTIMIZATION_LEVEL = 0;
				GCC_PREPROCESSOR_DEFINITIONS = (
					"DEBUG=1",
					"$(inherited)",
				);
				GCC_WARN_64_TO_32_BIT_CONVERSION = YES;
				GCC_WARN_ABOUT_RETURN_TYPE = YES_ERROR;
				GCC_WARN_UNDECLARED_SELECTOR = YES;
				GCC_WARN_UNINITIALIZED_AUTOS = YES_AGGRESSIVE;
				GCC_WARN_UNUSED_FUNCTION = YES;
				GCC_WARN_UNUSED_VARIABLE = YES;
				IPHONEOS_DEPLOYMENT_TARGET = 18.0;
				LOCALIZATION_PREFERS_STRING_CATALOGS = YES;
				MTL_ENABLE_DEBUG_INFO = INCLUDE_SOURCE;
				MTL_FAST_MATH = YES;
				ONLY_ACTIVE_ARCH = YES;
				SDKROOT = iphoneos;
				SWIFT_ACTIVE_COMPILATION_CONDITIONS = "DEBUG $(inherited)";
				SWIFT_OPTIMIZATION_LEVEL = "-Onone";
			};
			name = Debug;
		};
		3A23309B2C9CA79F004B0AED /* Release */ = {
			isa = XCBuildConfiguration;
			buildSettings = {
				ALWAYS_SEARCH_USER_PATHS = NO;
				ASSETCATALOG_COMPILER_GENERATE_SWIFT_ASSET_SYMBOL_EXTENSIONS = YES;
				CLANG_ANALYZER_NONNULL = YES;
				CLANG_ANALYZER_NUMBER_OBJECT_CONVERSION = YES_AGGRESSIVE;
				CLANG_CXX_LANGUAGE_STANDARD = "gnu++20";
				CLANG_ENABLE_MODULES = YES;
				CLANG_ENABLE_OBJC_ARC = YES;
				CLANG_ENABLE_OBJC_WEAK = YES;
				CLANG_WARN_BLOCK_CAPTURE_AUTORELEASING = YES;
				CLANG_WARN_BOOL_CONVERSION = YES;
				CLANG_WARN_COMMA = YES;
				CLANG_WARN_CONSTANT_CONVERSION = YES;
				CLANG_WARN_DEPRECATED_OBJC_IMPLEMENTATIONS = YES;
				CLANG_WARN_DIRECT_OBJC_ISA_USAGE = YES_ERROR;
				CLANG_WARN_DOCUMENTATION_COMMENTS = YES;
				CLANG_WARN_EMPTY_BODY = YES;
				CLANG_WARN_ENUM_CONVERSION = YES;
				CLANG_WARN_INFINITE_RECURSION = YES;
				CLANG_WARN_INT_CONVERSION = YES;
				CLANG_WARN_NON_LITERAL_NULL_CONVERSION = YES;
				CLANG_WARN_OBJC_IMPLICIT_RETAIN_SELF = YES;
				CLANG_WARN_OBJC_LITERAL_CONVERSION = YES;
				CLANG_WARN_OBJC_ROOT_CLASS = YES_ERROR;
				CLANG_WARN_QUOTED_INCLUDE_IN_FRAMEWORK_HEADER = YES;
				CLANG_WARN_RANGE_LOOP_ANALYSIS = YES;
				CLANG_WARN_STRICT_PROTOTYPES = YES;
				CLANG_WARN_SUSPICIOUS_MOVE = YES;
				CLANG_WARN_UNGUARDED_AVAILABILITY = YES_AGGRESSIVE;
				CLANG_WARN_UNREACHABLE_CODE = YES;
				CLANG_WARN__DUPLICATE_METHOD_MATCH = YES;
				COPY_PHASE_STRIP = NO;
				DEBUG_INFORMATION_FORMAT = "dwarf-with-dsym";
				ENABLE_NS_ASSERTIONS = NO;
				ENABLE_STRICT_OBJC_MSGSEND = YES;
				ENABLE_USER_SCRIPT_SANDBOXING = YES;
				GCC_C_LANGUAGE_STANDARD = gnu17;
				GCC_NO_COMMON_BLOCKS = YES;
				GCC_WARN_64_TO_32_BIT_CONVERSION = YES;
				GCC_WARN_ABOUT_RETURN_TYPE = YES_ERROR;
				GCC_WARN_UNDECLARED_SELECTOR = YES;
				GCC_WARN_UNINITIALIZED_AUTOS = YES_AGGRESSIVE;
				GCC_WARN_UNUSED_FUNCTION = YES;
				GCC_WARN_UNUSED_VARIABLE = YES;
				IPHONEOS_DEPLOYMENT_TARGET = 18.0;
				LOCALIZATION_PREFERS_STRING_CATALOGS = YES;
				MTL_ENABLE_DEBUG_INFO = NO;
				MTL_FAST_MATH = YES;
				SDKROOT = iphoneos;
				SWIFT_COMPILATION_MODE = wholemodule;
				VALIDATE_PRODUCT = YES;
			};
			name = Release;
		};
		3A23309D2C9CA79F004B0AED /* Debug */ = {
			isa = XCBuildConfiguration;
			buildSettings = {
				ASSETCATALOG_COMPILER_APPICON_NAME = AppIcon;
				ASSETCATALOG_COMPILER_GLOBAL_ACCENT_COLOR_NAME = AccentColor;
				CODE_SIGN_STYLE = Automatic;
				CURRENT_PROJECT_VERSION = 1;
				DEVELOPMENT_ASSET_PATHS = "\"FlickrPickr/Preview Content\"";
				DEVELOPMENT_TEAM = J65F7Q5VCB;
				ENABLE_PREVIEWS = YES;
				GENERATE_INFOPLIST_FILE = YES;
				INFOPLIST_KEY_UIApplicationSceneManifest_Generation = YES;
				INFOPLIST_KEY_UIApplicationSupportsIndirectInputEvents = YES;
				INFOPLIST_KEY_UILaunchScreen_Generation = YES;
				INFOPLIST_KEY_UISupportedInterfaceOrientations_iPad = "UIInterfaceOrientationPortrait UIInterfaceOrientationPortraitUpsideDown UIInterfaceOrientationLandscapeLeft UIInterfaceOrientationLandscapeRight";
				INFOPLIST_KEY_UISupportedInterfaceOrientations_iPhone = "UIInterfaceOrientationPortrait UIInterfaceOrientationLandscapeLeft UIInterfaceOrientationLandscapeRight";
				LD_RUNPATH_SEARCH_PATHS = (
					"$(inherited)",
					"@executable_path/Frameworks",
				);
				MARKETING_VERSION = 1.0;
				PRODUCT_BUNDLE_IDENTIFIER = com.salaam.FlickrPickr;
				PRODUCT_NAME = "$(TARGET_NAME)";
				SWIFT_EMIT_LOC_STRINGS = YES;
				SWIFT_VERSION = 5.0;
				TARGETED_DEVICE_FAMILY = "1,2";
			};
			name = Debug;
		};
		3A23309E2C9CA79F004B0AED /* Release */ = {
			isa = XCBuildConfiguration;
			buildSettings = {
				ASSETCATALOG_COMPILER_APPICON_NAME = AppIcon;
				ASSETCATALOG_COMPILER_GLOBAL_ACCENT_COLOR_NAME = AccentColor;
				CODE_SIGN_STYLE = Automatic;
				CURRENT_PROJECT_VERSION = 1;
				DEVELOPMENT_ASSET_PATHS = "\"FlickrPickr/Preview Content\"";
				DEVELOPMENT_TEAM = J65F7Q5VCB;
				ENABLE_PREVIEWS = YES;
				GENERATE_INFOPLIST_FILE = YES;
				INFOPLIST_KEY_UIApplicationSceneManifest_Generation = YES;
				INFOPLIST_KEY_UIApplicationSupportsIndirectInputEvents = YES;
				INFOPLIST_KEY_UILaunchScreen_Generation = YES;
				INFOPLIST_KEY_UISupportedInterfaceOrientations_iPad = "UIInterfaceOrientationPortrait UIInterfaceOrientationPortraitUpsideDown UIInterfaceOrientationLandscapeLeft UIInterfaceOrientationLandscapeRight";
				INFOPLIST_KEY_UISupportedInterfaceOrientations_iPhone = "UIInterfaceOrientationPortrait UIInterfaceOrientationLandscapeLeft UIInterfaceOrientationLandscapeRight";
				LD_RUNPATH_SEARCH_PATHS = (
					"$(inherited)",
					"@executable_path/Frameworks",
				);
				MARKETING_VERSION = 1.0;
				PRODUCT_BUNDLE_IDENTIFIER = com.salaam.FlickrPickr;
				PRODUCT_NAME = "$(TARGET_NAME)";
				SWIFT_EMIT_LOC_STRINGS = YES;
				SWIFT_VERSION = 5.0;
				TARGETED_DEVICE_FAMILY = "1,2";
			};
			name = Release;
		};
		3A2330A02C9CA79F004B0AED /* Debug */ = {
			isa = XCBuildConfiguration;
			buildSettings = {
				BUNDLE_LOADER = "$(TEST_HOST)";
				CODE_SIGN_STYLE = Automatic;
				CURRENT_PROJECT_VERSION = 1;
				DEVELOPMENT_TEAM = J65F7Q5VCB;
				GENERATE_INFOPLIST_FILE = YES;
				IPHONEOS_DEPLOYMENT_TARGET = 18.0;
				MARKETING_VERSION = 1.0;
				PRODUCT_BUNDLE_IDENTIFIER = com.salaam.FlickrPickrTests;
				PRODUCT_NAME = "$(TARGET_NAME)";
				SWIFT_EMIT_LOC_STRINGS = NO;
				SWIFT_VERSION = 5.0;
				TARGETED_DEVICE_FAMILY = "1,2";
				TEST_HOST = "$(BUILT_PRODUCTS_DIR)/FlickrPickr.app/$(BUNDLE_EXECUTABLE_FOLDER_PATH)/FlickrPickr";
			};
			name = Debug;
		};
		3A2330A12C9CA79F004B0AED /* Release */ = {
			isa = XCBuildConfiguration;
			buildSettings = {
				BUNDLE_LOADER = "$(TEST_HOST)";
				CODE_SIGN_STYLE = Automatic;
				CURRENT_PROJECT_VERSION = 1;
				DEVELOPMENT_TEAM = J65F7Q5VCB;
				GENERATE_INFOPLIST_FILE = YES;
				IPHONEOS_DEPLOYMENT_TARGET = 18.0;
				MARKETING_VERSION = 1.0;
				PRODUCT_BUNDLE_IDENTIFIER = com.salaam.FlickrPickrTests;
				PRODUCT_NAME = "$(TARGET_NAME)";
				SWIFT_EMIT_LOC_STRINGS = NO;
				SWIFT_VERSION = 5.0;
				TARGETED_DEVICE_FAMILY = "1,2";
				TEST_HOST = "$(BUILT_PRODUCTS_DIR)/FlickrPickr.app/$(BUNDLE_EXECUTABLE_FOLDER_PATH)/FlickrPickr";
			};
			name = Release;
		};
		3A2330A32C9CA79F004B0AED /* Debug */ = {
			isa = XCBuildConfiguration;
			buildSettings = {
				CODE_SIGN_STYLE = Automatic;
				CURRENT_PROJECT_VERSION = 1;
				DEVELOPMENT_TEAM = J65F7Q5VCB;
				GENERATE_INFOPLIST_FILE = YES;
				MARKETING_VERSION = 1.0;
				PRODUCT_BUNDLE_IDENTIFIER = com.salaam.FlickrPickrUITests;
				PRODUCT_NAME = "$(TARGET_NAME)";
				SWIFT_EMIT_LOC_STRINGS = NO;
				SWIFT_VERSION = 5.0;
				TARGETED_DEVICE_FAMILY = "1,2";
				TEST_TARGET_NAME = FlickrPickr;
			};
			name = Debug;
		};
		3A2330A42C9CA79F004B0AED /* Release */ = {
			isa = XCBuildConfiguration;
			buildSettings = {
				CODE_SIGN_STYLE = Automatic;
				CURRENT_PROJECT_VERSION = 1;
				DEVELOPMENT_TEAM = J65F7Q5VCB;
				GENERATE_INFOPLIST_FILE = YES;
				MARKETING_VERSION = 1.0;
				PRODUCT_BUNDLE_IDENTIFIER = com.salaam.FlickrPickrUITests;
				PRODUCT_NAME = "$(TARGET_NAME)";
				SWIFT_EMIT_LOC_STRINGS = NO;
				SWIFT_VERSION = 5.0;
				TARGETED_DEVICE_FAMILY = "1,2";
				TEST_TARGET_NAME = FlickrPickr;
			};
			name = Release;
		};
/* End XCBuildConfiguration section */

/* Begin XCConfigurationList section */
		3A2330732C9CA786004B0AED /* Build configuration list for PBXProject "FlickrPickr" */ = {
			isa = XCConfigurationList;
			buildConfigurations = (
				3A23309A2C9CA79F004B0AED /* Debug */,
				3A23309B2C9CA79F004B0AED /* Release */,
			);
			defaultConfigurationIsVisible = 0;
			defaultConfigurationName = Release;
		};
		3A23309C2C9CA79F004B0AED /* Build configuration list for PBXNativeTarget "FlickrPickr" */ = {
			isa = XCConfigurationList;
			buildConfigurations = (
				3A23309D2C9CA79F004B0AED /* Debug */,
				3A23309E2C9CA79F004B0AED /* Release */,
			);
			defaultConfigurationIsVisible = 0;
			defaultConfigurationName = Release;
		};
		3A23309F2C9CA79F004B0AED /* Build configuration list for PBXNativeTarget "FlickrPickrTests" */ = {
			isa = XCConfigurationList;
			buildConfigurations = (
				3A2330A02C9CA79F004B0AED /* Debug */,
				3A2330A12C9CA79F004B0AED /* Release */,
			);
			defaultConfigurationIsVisible = 0;
			defaultConfigurationName = Release;
		};
		3A2330A22C9CA79F004B0AED /* Build configuration list for PBXNativeTarget "FlickrPickrUITests" */ = {
			isa = XCConfigurationList;
			buildConfigurations = (
				3A2330A32C9CA79F004B0AED /* Debug */,
				3A2330A42C9CA79F004B0AED /* Release */,
			);
			defaultConfigurationIsVisible = 0;
			defaultConfigurationName = Release;
		};
/* End XCConfigurationList section */
	};
	rootObject = 3A2330702C9CA786004B0AED /* Project object */;
}
